
Microsoft Visual Studio Solution File, Format Version 12.00
# Visual Studio Version 16
VisualStudioVersion = 16.0.31911.196
MinimumVisualStudioVersion = 10.0.40219.1
Project("{FAE04EC0-301F-11D3-BF4B-00C04F79EFBC}") = "EKZ", "EKZ\EKZ.csproj", "{720390A2-8E44-4C58-AC90-D7DAA126DE06}"
EndProject
Global
	GlobalSection(SolutionConfigurationPlatforms) = preSolution
		Debug|Any CPU = Debug|Any CPU
		Release|Any CPU = Release|Any CPU
	EndGlobalSection
	GlobalSection(ProjectConfigurationPlatforms) = postSolution
		{720390A2-8E44-4C58-AC90-D7DAA126DE06}.Debug|Any CPU.ActiveCfg = Debug|Any CPU
		{720390A2-8E44-4C58-AC90-D7DAA126DE06}.Debug|Any CPU.Build.0 = Debug|Any CPU
		{720390A2-8E44-4C58-AC90-D7DAA126DE06}.Release|Any CPU.ActiveCfg = Release|Any CPU
		{720390A2-8E44-4C58-AC90-D7DAA126DE06}.Release|Any CPU.Build.0 = Release|Any CPU
	EndGlobalSection
	GlobalSection(SolutionProperties) = preSolution
		HideSolutionNode = FALSE
	EndGlobalSection
	GlobalSection(ExtensibilityGlobals) = postSolution
		SolutionGuid = {0D4E986B-0C5C-4F1B-9DF9-35933A501593}
	EndGlobalSection
EndGlobal
